
Microsoft Visual Studio Solution File, Format Version 12.00
# Visual Studio Version 16
VisualStudioVersion = 16.0.30204.135
MinimumVisualStudioVersion = 10.0.40219.1
Project("{FAE04EC0-301F-11D3-BF4B-00C04F79EFBC}") = "try12", "try12\try12.csproj", "{8E3BEF6D-0331-4BCC-B83E-7DA5BCF0BF0C}"
EndProject
Project("{FAE04EC0-301F-11D3-BF4B-00C04F79EFBC}") = "WebApplication1", "WebApplication1\WebApplication1.csproj", "{6E359593-5C37-49EB-A5DE-B47D90782127}"
EndProject
Global
	GlobalSection(SolutionConfigurationPlatforms) = preSolution
		Debug|Any CPU = Debug|Any CPU
		Release|Any CPU = Release|Any CPU
	EndGlobalSection
	GlobalSection(ProjectConfigurationPlatforms) = postSolution
		{8E3BEF6D-0331-4BCC-B83E-7DA5BCF0BF0C}.Debug|Any CPU.ActiveCfg = Debug|Any CPU
		{8E3BEF6D-0331-4BCC-B83E-7DA5BCF0BF0C}.Debug|Any CPU.Build.0 = Debug|Any CPU
		{8E3BEF6D-0331-4BCC-B83E-7DA5BCF0BF0C}.Release|Any CPU.ActiveCfg = Release|Any CPU
		{8E3BEF6D-0331-4BCC-B83E-7DA5BCF0BF0C}.Release|Any CPU.Build.0 = Release|Any CPU
		{6E359593-5C37-49EB-A5DE-B47D90782127}.Debug|Any CPU.ActiveCfg = Debug|Any CPU
		{6E359593-5C37-49EB-A5DE-B47D90782127}.Debug|Any CPU.Build.0 = Debug|Any CPU
		{6E359593-5C37-49EB-A5DE-B47D90782127}.Release|Any CPU.ActiveCfg = Release|Any CPU
		{6E359593-5C37-49EB-A5DE-B47D90782127}.Release|Any CPU.Build.0 = Release|Any CPU
	EndGlobalSection
	GlobalSection(SolutionProperties) = preSolution
		HideSolutionNode = FALSE
	EndGlobalSection
	GlobalSection(ExtensibilityGlobals) = postSolution
		SolutionGuid = {482609C4-714C-4C70-B2F4-BC73BF298621}
	EndGlobalSection
EndGlobal
